<?xml version="1.0" encoding="utf-8"?>
<Project ToolsVersion="4.0" xmlns="http://schemas.microsoft.com/developer/msbuild/2003">
  <ItemGroup>
    <Filter Include="Source Files">
      <UniqueIdentifier>{4FC737F1-C7A5-4376-A066-2A32D752A2FF}</UniqueIdentifier>
      <Extensions>cpp;c;cc;cxx;def;odl;idl;hpj;bat;asm;asmx</Extensions>
    </Filter>
    <Filter Include="Header Files">
      <UniqueIdentifier>{93995380-89BD-4b04-88EB-625FBE52EBFB}</UniqueIdentifier>
      <Extensions>h;hpp;hxx;hm;inl;inc;xsd</Extensions>
    </Filter>
    <Filter Include="Win32Res">
      <UniqueIdentifier>{67DA6AB6-F800-4c08-8B7A-83BB121AAD01}</UniqueIdentifier>
      <Extensions>rc;ico;cur;bmp;dlg;rc2;rct;bin;rgs;gif;jpg;jpeg;jpe;resx;tiff;tif;png;wav</Extensions>
    </Filter>
    <Filter Include="Resources">
      <UniqueIdentifier>{626bcf2d-a267-4d2f-93bb-60f6da286a81}</UniqueIdentifier>
    </Filter>
    <Filter Include="Resources\Shaders">
      <UniqueIdentifier>{c2de155c-5795-435c-8d67-15b1d43d5b3a}</UniqueIdentifier>
    </Filter>
    <Filter Include="Resources\Textures">
      <UniqueIdentifier>{c3579140-ee0a-4756-ab3c-21c907134e5a}</UniqueIdentifier>
    </Filter>
    <Filter Include="Resources\Packs">
      <UniqueIdentifier>{61582610-b2a6-49ad-8739-9df482c4e512}</UniqueIdentifier>
    </Filter>
    <Filter Include="Resources\Packs\Textures">
      <UniqueIdentifier>{33fdae03-836c-44f5-adb3-d28bb4bee090}</UniqueIdentifier>
    </Filter>
    <Filter Include="Resources\Packs\Models">
      <UniqueIdentifier>{f247de06-fb9f-44ab-bc94-e91057c9c4b3}</UniqueIdentifier>
    </Filter>
    <Filter Include="Source Files\Managers">
      <UniqueIdentifier>{0fce9d08-16af-48da-aaf6-1cb07d863eb8}</UniqueIdentifier>
    </Filter>
    <Filter Include="Header Files\Managers">
      <UniqueIdentifier>{413bb6d3-4a91-4e80-8118-6326e4eec1c0}</UniqueIdentifier>
    </Filter>
    <Filter Include="Header Files\Objects">
      <UniqueIdentifier>{7c88ba1f-6bf0-4e6c-9934-a90035c3f3d7}</UniqueIdentifier>
    </Filter>
    <Filter Include="Resources\Config">
      <UniqueIdentifier>{34692dbc-6723-4fbc-b0a0-63862342e220}</UniqueIdentifier>
    </Filter>
    <Filter Include="Header Files\States">
      <UniqueIdentifier>{f8e7cc81-8326-419a-a3b3-978399788963}</UniqueIdentifier>
    </Filter>
    <Filter Include="Source Files\States">
      <UniqueIdentifier>{dd5534df-3b01-471c-8273-949ebdd10ea7}</UniqueIdentifier>
    </Filter>
    <Filter Include="Header Files\Objects\Core">
      <UniqueIdentifier>{1816990a-c357-4326-9726-4dc86a1d43ac}</UniqueIdentifier>
    </Filter>
    <Filter Include="Header Files\Objects\Actors">
      <UniqueIdentifier>{468cb113-fdbc-4ba9-8442-8c0827edc663}</UniqueIdentifier>
    </Filter>
    <Filter Include="Source Files\Objects">
      <UniqueIdentifier>{39931db8-9f9d-4373-ae4d-bfd1ce7555e6}</UniqueIdentifier>
    </Filter>
    <Filter Include="Source Files\Objects\Actors">
      <UniqueIdentifier>{da483bd5-fb48-4bd3-a8f1-f289dda2a80d}</UniqueIdentifier>
    </Filter>
    <Filter Include="Source Files\Objects\Core">
      <UniqueIdentifier>{a9c70b4e-a615-4091-a60f-eef5a97495e2}</UniqueIdentifier>
    </Filter>
  </ItemGroup>
  <ItemGroup>
    <ClCompile Include="src\NewTrainingFramework.cpp">
      <Filter>Source Files</Filter>
    </ClCompile>
    <ClCompile Include="src\stdafx.cpp">
      <Filter>Source Files</Filter>
    </ClCompile>
    <ClCompile Include="src\GameManager\ResourceManager.cpp">
      <Filter>Source Files\Managers</Filter>
    </ClCompile>
    <ClCompile Include="src\GameManager\SceneManager.cpp">
      <Filter>Source Files\Managers</Filter>
    </ClCompile>
    <ClCompile Include="src\GameState\GameButton.cpp">
      <Filter>Source Files\States</Filter>
    </ClCompile>
    <ClCompile Include="src\GameState\GameStateBase.cpp">
      <Filter>Source Files\States</Filter>
    </ClCompile>
    <ClCompile Include="src\GameState\GameStateMachine.cpp">
      <Filter>Source Files\States</Filter>
    </ClCompile>
    <ClCompile Include="src\GameState\GSIntro.cpp">
      <Filter>Source Files\States</Filter>
    </ClCompile>
    <ClCompile Include="src\GameState\GSMenu.cpp">
      <Filter>Source Files\States</Filter>
    </ClCompile>
    <ClCompile Include="src\GameState\GSPlay.cpp">
      <Filter>Source Files\States</Filter>
    </ClCompile>
    <ClCompile Include="src\GameManager\SoundManager.cpp">
      <Filter>Source Files\Managers</Filter>
    </ClCompile>
    <ClCompile Include="src\GameState\GSDebug.cpp">
      <Filter>Source Files\States</Filter>
    </ClCompile>
    <ClCompile Include="src\GameObject\core\Animation.cpp">
      <Filter>Source Files\Objects\Core</Filter>
    </ClCompile>
    <ClCompile Include="src\GameObject\core\Camera.cpp">
      <Filter>Source Files\Objects\Core</Filter>
    </ClCompile>
    <ClCompile Include="src\GameObject\core\Model.cpp">
      <Filter>Source Files\Objects\Core</Filter>
    </ClCompile>
    <ClCompile Include="src\GameObject\core\Object.cpp">
      <Filter>Source Files\Objects\Core</Filter>
    </ClCompile>
    <ClCompile Include="src\GameObject\core\Shaders.cpp">
      <Filter>Source Files\Objects\Core</Filter>
    </ClCompile>
    <ClCompile Include="src\GameObject\core\TextRenderer.cpp">
      <Filter>Source Files\Objects\Core</Filter>
    </ClCompile>
    <ClCompile Include="src\GameObject\core\Texture.cpp">
      <Filter>Source Files\Objects\Core</Filter>
    </ClCompile>
  </ItemGroup>
  <ItemGroup>
    <ClInclude Include="src\GameManager\ResourceManager.h">
      <Filter>Header Files\Managers</Filter>
    </ClInclude>
    <ClInclude Include="src\GameManager\SceneManager.h">
      <Filter>Header Files\Managers</Filter>
    </ClInclude>
    <ClInclude Include="src\Globals.h">
      <Filter>Header Files\Objects</Filter>
    </ClInclude>
    <ClInclude Include="src\targetver.h">
      <Filter>Header Files\Objects</Filter>
    </ClInclude>
    <ClInclude Include="src\Vertex.h">
      <Filter>Header Files</Filter>
    </ClInclude>
    <ClInclude Include="src\stdafx.h">
      <Filter>Header Files</Filter>
    </ClInclude>
    <ClInclude Include="resource1.h">
      <Filter>Header Files</Filter>
    </ClInclude>
    <ClInclude Include="resource.h">
      <Filter>Header Files</Filter>
    </ClInclude>
    <ClInclude Include="src\GameState\GameButton.h">
      <Filter>Header Files\States</Filter>
    </ClInclude>
    <ClInclude Include="src\GameState\GameStateBase.h">
      <Filter>Header Files\States</Filter>
    </ClInclude>
    <ClInclude Include="src\GameState\GameStateMachine.h">
      <Filter>Header Files\States</Filter>
    </ClInclude>
    <ClInclude Include="src\GameState\GSIntro.h">
      <Filter>Header Files\States</Filter>
    </ClInclude>
    <ClInclude Include="src\GameState\GSMenu.h">
      <Filter>Header Files\States</Filter>
    </ClInclude>
    <ClInclude Include="src\GameState\GSPlay.h">
      <Filter>Header Files\States</Filter>
    </ClInclude>
    <ClInclude Include="src\GameState\GSDebug.h">
      <Filter>Header Files\States</Filter>
    </ClInclude>
    <ClInclude Include="src\GameManager\SoundManager.h">
      <Filter>Header Files\Managers</Filter>
    </ClInclude>
    <ClInclude Include="src\GameObject\core\Animation.h">
      <Filter>Header Files\Objects\Core</Filter>
    </ClInclude>
    <ClInclude Include="src\GameObject\core\Camera.h">
      <Filter>Header Files\Objects\Core</Filter>
    </ClInclude>
    <ClInclude Include="src\GameObject\core\Model.h">
      <Filter>Header Files\Objects\Core</Filter>
    </ClInclude>
    <ClInclude Include="src\GameObject\core\Object.h">
      <Filter>Header Files\Objects\Core</Filter>
    </ClInclude>
    <ClInclude Include="src\GameObject\core\Shaders.h">
      <Filter>Header Files\Objects\Core</Filter>
    </ClInclude>
    <ClInclude Include="src\GameObject\core\TextRenderer.h">
      <Filter>Header Files\Objects\Core</Filter>
    </ClInclude>
    <ClInclude Include="src\GameObject\core\Texture.h">
      <Filter>Header Files\Objects\Core</Filter>
    </ClInclude>
  </ItemGroup>
  <ItemGroup>
    <None Include="..\Resources\Shaders\TriangleShaderFS.fs">
      <Filter>Resources\Shaders</Filter>
    </None>
    <None Include="..\Resources\Shaders\TriangleShaderVS.vs">
      <Filter>Resources\Shaders</Filter>
    </None>
    <None Include="..\..\Readme.doc" />
    <None Include="..\Resources\Shaders\AnimationShaderVS.vs">
      <Filter>Resources\Shaders</Filter>
    </None>
    <None Include="..\Resources\Shaders\AnimationShaderFS.fs">
      <Filter>Resources\Shaders</Filter>
    </None>
  </ItemGroup>
  <ItemGroup>
    <Image Include="..\Resources\Textures\rock.tga">
      <Filter>Resources\Textures</Filter>
    </Image>
    <Image Include="..\Resources\Textures\rock1.tga">
      <Filter>Resources\Textures</Filter>
    </Image>
  </ItemGroup>
  <ItemGroup>
    <ResourceCompile Include="NewTrainingFramework.rc">
      <Filter>Win32Res</Filter>
    </ResourceCompile>
  </ItemGroup>
  <ItemGroup>
    <Text Include="..\Resources\Config\ResourceManager.txt">
      <Filter>Resources\Config</Filter>
    </Text>
    <Text Include="..\Resources\Config\SceneManager.txt">
      <Filter>Resources\Config</Filter>
    </Text>
    <Text Include="..\Resources\Config\FreeAssets.txt">
      <Filter>Resources</Filter>
    </Text>
  </ItemGroup>
</Project>